
Microsoft Visual Studio Solution File, Format Version 12.00
# Visual Studio Version 17
VisualStudioVersion = 17.6.33829.357
MinimumVisualStudioVersion = 10.0.40219.1
Project("{FAE04EC0-301F-11D3-BF4B-00C04F79EFBC}") = "EjemploHerenciaProyecto", "EjemploHerenciaProyecto\EjemploHerenciaProyecto.csproj", "{D776E0C7-535A-4320-A186-5C487B46AE29}"
EndProject
Global
	GlobalSection(SolutionConfigurationPlatforms) = preSolution
		Debug|Any CPU = Debug|Any CPU
		Release|Any CPU = Release|Any CPU
	EndGlobalSection
	GlobalSection(ProjectConfigurationPlatforms) = postSolution
		{D776E0C7-535A-4320-A186-5C487B46AE29}.Debug|Any CPU.ActiveCfg = Debug|Any CPU
		{D776E0C7-535A-4320-A186-5C487B46AE29}.Debug|Any CPU.Build.0 = Debug|Any CPU
		{D776E0C7-535A-4320-A186-5C487B46AE29}.Release|Any CPU.ActiveCfg = Release|Any CPU
		{D776E0C7-535A-4320-A186-5C487B46AE29}.Release|Any CPU.Build.0 = Release|Any CPU
	EndGlobalSection
	GlobalSection(SolutionProperties) = preSolution
		HideSolutionNode = FALSE
	EndGlobalSection
	GlobalSection(ExtensibilityGlobals) = postSolution
		SolutionGuid = {5FF2E34E-6F7E-427A-A824-489961822D25}
	EndGlobalSection
EndGlobal
