
Microsoft Visual Studio Solution File, Format Version 12.00
# Visual Studio Version 17
VisualStudioVersion = 17.6.33829.357
MinimumVisualStudioVersion = 10.0.40219.1
Project("{FAE04EC0-301F-11D3-BF4B-00C04F79EFBC}") = "END", "END\END.csproj", "{6EAB24E2-BE30-47C5-AC02-009147030CE3}"
EndProject
Global
	GlobalSection(SolutionConfigurationPlatforms) = preSolution
		Debug|Any CPU = Debug|Any CPU
		Release|Any CPU = Release|Any CPU
	EndGlobalSection
	GlobalSection(ProjectConfigurationPlatforms) = postSolution
		{6EAB24E2-BE30-47C5-AC02-009147030CE3}.Debug|Any CPU.ActiveCfg = Debug|Any CPU
		{6EAB24E2-BE30-47C5-AC02-009147030CE3}.Debug|Any CPU.Build.0 = Debug|Any CPU
		{6EAB24E2-BE30-47C5-AC02-009147030CE3}.Release|Any CPU.ActiveCfg = Release|Any CPU
		{6EAB24E2-BE30-47C5-AC02-009147030CE3}.Release|Any CPU.Build.0 = Release|Any CPU
	EndGlobalSection
	GlobalSection(SolutionProperties) = preSolution
		HideSolutionNode = FALSE
	EndGlobalSection
	GlobalSection(ExtensibilityGlobals) = postSolution
		SolutionGuid = {9A71CB41-7C83-4026-9EC1-3A10A1DD31A6}
	EndGlobalSection
EndGlobal
