
Microsoft Visual Studio Solution File, Format Version 12.00
# Visual Studio Version 17
VisualStudioVersion = 17.6.33829.357
MinimumVisualStudioVersion = 10.0.40219.1
Project("{9A19103F-16F7-4668-BE54-9A1E7A4F7556}") = "EjemploMvcConversor", "EjemploMvcConversor\EjemploMvcConversor.csproj", "{A0706381-2A8F-4898-B8E8-2A748FCCB938}"
EndProject
Project("{FAE04EC0-301F-11D3-BF4B-00C04F79EFBC}") = "ApiJsonBibloteca", "ApiJsonBibloteca\ApiJsonBibloteca.csproj", "{6E303514-0C5F-4F91-8BB8-0A5D273D14E1}"
EndProject
Global
	GlobalSection(SolutionConfigurationPlatforms) = preSolution
		Debug|Any CPU = Debug|Any CPU
		Release|Any CPU = Release|Any CPU
	EndGlobalSection
	GlobalSection(ProjectConfigurationPlatforms) = postSolution
		{A0706381-2A8F-4898-B8E8-2A748FCCB938}.Debug|Any CPU.ActiveCfg = Debug|Any CPU
		{A0706381-2A8F-4898-B8E8-2A748FCCB938}.Debug|Any CPU.Build.0 = Debug|Any CPU
		{A0706381-2A8F-4898-B8E8-2A748FCCB938}.Release|Any CPU.ActiveCfg = Release|Any CPU
		{A0706381-2A8F-4898-B8E8-2A748FCCB938}.Release|Any CPU.Build.0 = Release|Any CPU
		{6E303514-0C5F-4F91-8BB8-0A5D273D14E1}.Debug|Any CPU.ActiveCfg = Debug|Any CPU
		{6E303514-0C5F-4F91-8BB8-0A5D273D14E1}.Debug|Any CPU.Build.0 = Debug|Any CPU
		{6E303514-0C5F-4F91-8BB8-0A5D273D14E1}.Release|Any CPU.ActiveCfg = Release|Any CPU
		{6E303514-0C5F-4F91-8BB8-0A5D273D14E1}.Release|Any CPU.Build.0 = Release|Any CPU
	EndGlobalSection
	GlobalSection(SolutionProperties) = preSolution
		HideSolutionNode = FALSE
	EndGlobalSection
	GlobalSection(ExtensibilityGlobals) = postSolution
		SolutionGuid = {5618AD18-F3D3-4E51-A933-EAD2E56B7EDE}
	EndGlobalSection
EndGlobal
