
Microsoft Visual Studio Solution File, Format Version 12.00
# Visual Studio Version 17
VisualStudioVersion = 17.6.33829.357
MinimumVisualStudioVersion = 10.0.40219.1
Project("{9A19103F-16F7-4668-BE54-9A1E7A4F7556}") = "ProyectoWebVacio", "ProyectoWebVacio\ProyectoWebVacio.csproj", "{F7E549E0-7BD4-40F9-90EA-DBDAE628AD5D}"
EndProject
Project("{9A19103F-16F7-4668-BE54-9A1E7A4F7556}") = "EjemploWebAspNetCore", "EjemploWebAspNetCore\EjemploWebAspNetCore.csproj", "{EC1A7967-BDE9-442F-98B1-93D402236E2B}"
EndProject
Project("{9A19103F-16F7-4668-BE54-9A1E7A4F7556}") = "EjemploBlazor", "EjemploBlazor\EjemploBlazor.csproj", "{AE48AEDB-8080-483F-842D-89E70E186C74}"
EndProject
Project("{9A19103F-16F7-4668-BE54-9A1E7A4F7556}") = "EjemploApi", "EjemploApi\EjemploApi.csproj", "{21E3326E-F38D-4B5A-ADC8-C2FBA9ABDC98}"
EndProject
Project("{9A19103F-16F7-4668-BE54-9A1E7A4F7556}") = "EjemploAngular", "EjemploAngular\EjemploAngular.csproj", "{8ACC1F28-F57C-42DA-91E0-8EBFAECC0D6D}"
EndProject
Project("{9A19103F-16F7-4668-BE54-9A1E7A4F7556}") = "EjemploMVC", "EjemploMVC\EjemploMVC.csproj", "{78D7053C-EB0B-415E-A9C5-A966C0AAC629}"
EndProject
Project("{FAE04EC0-301F-11D3-BF4B-00C04F79EFBC}") = "EjemploMvcConversor", "EjemploMvcConversor\EjemploMvcConversor.csproj", "{A0706381-2A8F-4898-B8E8-2A748FCCB938}"
EndProject
Global
	GlobalSection(SolutionConfigurationPlatforms) = preSolution
		Debug|Any CPU = Debug|Any CPU
		Release|Any CPU = Release|Any CPU
	EndGlobalSection
	GlobalSection(ProjectConfigurationPlatforms) = postSolution
		{F7E549E0-7BD4-40F9-90EA-DBDAE628AD5D}.Debug|Any CPU.ActiveCfg = Debug|Any CPU
		{F7E549E0-7BD4-40F9-90EA-DBDAE628AD5D}.Debug|Any CPU.Build.0 = Debug|Any CPU
		{F7E549E0-7BD4-40F9-90EA-DBDAE628AD5D}.Release|Any CPU.ActiveCfg = Release|Any CPU
		{F7E549E0-7BD4-40F9-90EA-DBDAE628AD5D}.Release|Any CPU.Build.0 = Release|Any CPU
		{EC1A7967-BDE9-442F-98B1-93D402236E2B}.Debug|Any CPU.ActiveCfg = Debug|Any CPU
		{EC1A7967-BDE9-442F-98B1-93D402236E2B}.Debug|Any CPU.Build.0 = Debug|Any CPU
		{EC1A7967-BDE9-442F-98B1-93D402236E2B}.Release|Any CPU.ActiveCfg = Release|Any CPU
		{EC1A7967-BDE9-442F-98B1-93D402236E2B}.Release|Any CPU.Build.0 = Release|Any CPU
		{AE48AEDB-8080-483F-842D-89E70E186C74}.Debug|Any CPU.ActiveCfg = Debug|Any CPU
		{AE48AEDB-8080-483F-842D-89E70E186C74}.Debug|Any CPU.Build.0 = Debug|Any CPU
		{AE48AEDB-8080-483F-842D-89E70E186C74}.Release|Any CPU.ActiveCfg = Release|Any CPU
		{AE48AEDB-8080-483F-842D-89E70E186C74}.Release|Any CPU.Build.0 = Release|Any CPU
		{21E3326E-F38D-4B5A-ADC8-C2FBA9ABDC98}.Debug|Any CPU.ActiveCfg = Debug|Any CPU
		{21E3326E-F38D-4B5A-ADC8-C2FBA9ABDC98}.Debug|Any CPU.Build.0 = Debug|Any CPU
		{21E3326E-F38D-4B5A-ADC8-C2FBA9ABDC98}.Release|Any CPU.ActiveCfg = Release|Any CPU
		{21E3326E-F38D-4B5A-ADC8-C2FBA9ABDC98}.Release|Any CPU.Build.0 = Release|Any CPU
		{8ACC1F28-F57C-42DA-91E0-8EBFAECC0D6D}.Debug|Any CPU.ActiveCfg = Debug|Any CPU
		{8ACC1F28-F57C-42DA-91E0-8EBFAECC0D6D}.Debug|Any CPU.Build.0 = Debug|Any CPU
		{8ACC1F28-F57C-42DA-91E0-8EBFAECC0D6D}.Release|Any CPU.ActiveCfg = Release|Any CPU
		{8ACC1F28-F57C-42DA-91E0-8EBFAECC0D6D}.Release|Any CPU.Build.0 = Release|Any CPU
		{78D7053C-EB0B-415E-A9C5-A966C0AAC629}.Debug|Any CPU.ActiveCfg = Debug|Any CPU
		{78D7053C-EB0B-415E-A9C5-A966C0AAC629}.Debug|Any CPU.Build.0 = Debug|Any CPU
		{78D7053C-EB0B-415E-A9C5-A966C0AAC629}.Release|Any CPU.ActiveCfg = Release|Any CPU
		{78D7053C-EB0B-415E-A9C5-A966C0AAC629}.Release|Any CPU.Build.0 = Release|Any CPU
		{A0706381-2A8F-4898-B8E8-2A748FCCB938}.Debug|Any CPU.ActiveCfg = Debug|Any CPU
		{A0706381-2A8F-4898-B8E8-2A748FCCB938}.Debug|Any CPU.Build.0 = Debug|Any CPU
		{A0706381-2A8F-4898-B8E8-2A748FCCB938}.Release|Any CPU.ActiveCfg = Release|Any CPU
		{A0706381-2A8F-4898-B8E8-2A748FCCB938}.Release|Any CPU.Build.0 = Release|Any CPU
	EndGlobalSection
	GlobalSection(SolutionProperties) = preSolution
		HideSolutionNode = FALSE
	EndGlobalSection
	GlobalSection(ExtensibilityGlobals) = postSolution
		SolutionGuid = {5618AD18-F3D3-4E51-A933-EAD2E56B7EDE}
	EndGlobalSection
EndGlobal
