
Microsoft Visual Studio Solution File, Format Version 12.00
# Visual Studio Version 17
VisualStudioVersion = 17.6.33829.357
MinimumVisualStudioVersion = 10.0.40219.1
Project("{FAE04EC0-301F-11D3-BF4B-00C04F79EFBC}") = "PruebaExamenProject", "PruebaExamenProject\PruebaExamenProject.csproj", "{CCA46CD8-BF73-46CA-BE34-4A75D9BA4F1F}"
EndProject
Project("{2150E333-8FDC-42A3-9474-1A3956D46DE8}") = "Web", "Web", "{61D7EEFF-BF63-4B53-973B-E9D69FD63720}"
EndProject
Project("{2150E333-8FDC-42A3-9474-1A3956D46DE8}") = "Librerias", "Librerias", "{FF7656B4-8EF9-43A9-9987-3298D040026F}"
EndProject
Project("{FAE04EC0-301F-11D3-BF4B-00C04F79EFBC}") = "Modelos", "Modelos\Modelos.csproj", "{B9D12B07-B4DC-4791-BA36-55548FAE7CA6}"
	ProjectSection(ProjectDependencies) = postProject
		{85AD229D-4456-4DAC-AC90-4322010BD6A6} = {85AD229D-4456-4DAC-AC90-4322010BD6A6}
	EndProjectSection
EndProject
Project("{FAE04EC0-301F-11D3-BF4B-00C04F79EFBC}") = "Repositorios", "Repositorios\Repositorios.csproj", "{94260A79-6469-4419-B0E7-9E7EEDFBDF1A}"
EndProject
Project("{FAE04EC0-301F-11D3-BF4B-00C04F79EFBC}") = "DTOs", "DTOs\DTOs.csproj", "{0605915F-D2BA-410A-8595-D383DE616E30}"
EndProject
Project("{FAE04EC0-301F-11D3-BF4B-00C04F79EFBC}") = "Entidades", "Entidades\Entidades.csproj", "{85AD229D-4456-4DAC-AC90-4322010BD6A6}"
EndProject
Project("{FAE04EC0-301F-11D3-BF4B-00C04F79EFBC}") = "Profiles", "Profiles\Profiles.csproj", "{05B02DC8-C773-47B7-95B0-56375D5924D6}"
EndProject
Project("{FAE04EC0-301F-11D3-BF4B-00C04F79EFBC}") = "Helpers", "Helpers\Helpers.csproj", "{2FB33087-CCFF-46E8-AEDA-2E6744C174E3}"
EndProject
Global
	GlobalSection(SolutionConfigurationPlatforms) = preSolution
		Debug|Any CPU = Debug|Any CPU
		Release|Any CPU = Release|Any CPU
	EndGlobalSection
	GlobalSection(ProjectConfigurationPlatforms) = postSolution
		{CCA46CD8-BF73-46CA-BE34-4A75D9BA4F1F}.Debug|Any CPU.ActiveCfg = Debug|Any CPU
		{CCA46CD8-BF73-46CA-BE34-4A75D9BA4F1F}.Debug|Any CPU.Build.0 = Debug|Any CPU
		{CCA46CD8-BF73-46CA-BE34-4A75D9BA4F1F}.Release|Any CPU.ActiveCfg = Release|Any CPU
		{CCA46CD8-BF73-46CA-BE34-4A75D9BA4F1F}.Release|Any CPU.Build.0 = Release|Any CPU
		{B9D12B07-B4DC-4791-BA36-55548FAE7CA6}.Debug|Any CPU.ActiveCfg = Debug|Any CPU
		{B9D12B07-B4DC-4791-BA36-55548FAE7CA6}.Debug|Any CPU.Build.0 = Debug|Any CPU
		{B9D12B07-B4DC-4791-BA36-55548FAE7CA6}.Release|Any CPU.ActiveCfg = Release|Any CPU
		{B9D12B07-B4DC-4791-BA36-55548FAE7CA6}.Release|Any CPU.Build.0 = Release|Any CPU
		{94260A79-6469-4419-B0E7-9E7EEDFBDF1A}.Debug|Any CPU.ActiveCfg = Debug|Any CPU
		{94260A79-6469-4419-B0E7-9E7EEDFBDF1A}.Debug|Any CPU.Build.0 = Debug|Any CPU
		{94260A79-6469-4419-B0E7-9E7EEDFBDF1A}.Release|Any CPU.ActiveCfg = Release|Any CPU
		{94260A79-6469-4419-B0E7-9E7EEDFBDF1A}.Release|Any CPU.Build.0 = Release|Any CPU
		{0605915F-D2BA-410A-8595-D383DE616E30}.Debug|Any CPU.ActiveCfg = Debug|Any CPU
		{0605915F-D2BA-410A-8595-D383DE616E30}.Debug|Any CPU.Build.0 = Debug|Any CPU
		{0605915F-D2BA-410A-8595-D383DE616E30}.Release|Any CPU.ActiveCfg = Release|Any CPU
		{0605915F-D2BA-410A-8595-D383DE616E30}.Release|Any CPU.Build.0 = Release|Any CPU
		{85AD229D-4456-4DAC-AC90-4322010BD6A6}.Debug|Any CPU.ActiveCfg = Debug|Any CPU
		{85AD229D-4456-4DAC-AC90-4322010BD6A6}.Debug|Any CPU.Build.0 = Debug|Any CPU
		{85AD229D-4456-4DAC-AC90-4322010BD6A6}.Release|Any CPU.ActiveCfg = Release|Any CPU
		{85AD229D-4456-4DAC-AC90-4322010BD6A6}.Release|Any CPU.Build.0 = Release|Any CPU
		{05B02DC8-C773-47B7-95B0-56375D5924D6}.Debug|Any CPU.ActiveCfg = Debug|Any CPU
		{05B02DC8-C773-47B7-95B0-56375D5924D6}.Debug|Any CPU.Build.0 = Debug|Any CPU
		{05B02DC8-C773-47B7-95B0-56375D5924D6}.Release|Any CPU.ActiveCfg = Release|Any CPU
		{05B02DC8-C773-47B7-95B0-56375D5924D6}.Release|Any CPU.Build.0 = Release|Any CPU
		{2FB33087-CCFF-46E8-AEDA-2E6744C174E3}.Debug|Any CPU.ActiveCfg = Debug|Any CPU
		{2FB33087-CCFF-46E8-AEDA-2E6744C174E3}.Debug|Any CPU.Build.0 = Debug|Any CPU
		{2FB33087-CCFF-46E8-AEDA-2E6744C174E3}.Release|Any CPU.ActiveCfg = Release|Any CPU
		{2FB33087-CCFF-46E8-AEDA-2E6744C174E3}.Release|Any CPU.Build.0 = Release|Any CPU
	EndGlobalSection
	GlobalSection(SolutionProperties) = preSolution
		HideSolutionNode = FALSE
	EndGlobalSection
	GlobalSection(NestedProjects) = preSolution
		{CCA46CD8-BF73-46CA-BE34-4A75D9BA4F1F} = {61D7EEFF-BF63-4B53-973B-E9D69FD63720}
		{B9D12B07-B4DC-4791-BA36-55548FAE7CA6} = {FF7656B4-8EF9-43A9-9987-3298D040026F}
		{94260A79-6469-4419-B0E7-9E7EEDFBDF1A} = {FF7656B4-8EF9-43A9-9987-3298D040026F}
		{0605915F-D2BA-410A-8595-D383DE616E30} = {FF7656B4-8EF9-43A9-9987-3298D040026F}
		{85AD229D-4456-4DAC-AC90-4322010BD6A6} = {FF7656B4-8EF9-43A9-9987-3298D040026F}
		{05B02DC8-C773-47B7-95B0-56375D5924D6} = {FF7656B4-8EF9-43A9-9987-3298D040026F}
		{2FB33087-CCFF-46E8-AEDA-2E6744C174E3} = {FF7656B4-8EF9-43A9-9987-3298D040026F}
	EndGlobalSection
	GlobalSection(ExtensibilityGlobals) = postSolution
		SolutionGuid = {99F282C5-242A-4F53-A46D-91FEF996FA77}
	EndGlobalSection
EndGlobal
